
Microsoft Visual Studio Solution File, Format Version 12.00
# Visual Studio Version 16
VisualStudioVersion = 16.0.29806.167
MinimumVisualStudioVersion = 10.0.40219.1
Project("{FAE04EC0-301F-11D3-BF4B-00C04F79EFBC}") = "RestApiServer", "RestApiServer.csproj", "{83B005EA-9A4F-4108-B715-823B19135136}"
EndProject
Global
	GlobalSection(SolutionConfigurationPlatforms) = preSolution
		Debug|Any CPU = Debug|Any CPU
		Release|Any CPU = Release|Any CPU
	EndGlobalSection
	GlobalSection(ProjectConfigurationPlatforms) = postSolution
		{83B005EA-9A4F-4108-B715-823B19135136}.Debug|Any CPU.ActiveCfg = Debug|Any CPU
		{83B005EA-9A4F-4108-B715-823B19135136}.Debug|Any CPU.Build.0 = Debug|Any CPU
		{83B005EA-9A4F-4108-B715-823B19135136}.Release|Any CPU.ActiveCfg = Release|Any CPU
		{83B005EA-9A4F-4108-B715-823B19135136}.Release|Any CPU.Build.0 = Release|Any CPU
	EndGlobalSection
	GlobalSection(SolutionProperties) = preSolution
		HideSolutionNode = FALSE
	EndGlobalSection
	GlobalSection(ExtensibilityGlobals) = postSolution
		SolutionGuid = {0BB4EC87-602E-49A9-9EE3-8F000F25A3E4}
	EndGlobalSection
EndGlobal
